{
	"name": "thief-book",
	"version": "0.1.0",
	"lockfileVersion": 1,
	"requires": true,
	"dependencies": {
		"@babel/code-frame": {
			"version": "7.10.4",
			"resolved": "https://registry.npm.taobao.org/@babel/code-frame/download/@babel/code-frame-7.10.4.tgz",
			"integrity": "sha1-Fo2ho26Q2miujUnA8bSMfGJJITo=",
			"dev": true,
			"requires": {
				"@babel/highlight": "^7.10.4"
			}
		},
		"@babel/helper-validator-identifier": {
			"version": "7.10.4",
			"resolved": "https://registry.npm.taobao.org/@babel/helper-validator-identifier/download/@babel/helper-validator-identifier-7.10.4.tgz?cache=0&sync_timestamp=1593521083613&other_urls=https%3A%2F%2Fregistry.npm.taobao.org%2F%40babel%2Fhelper-validator-identifier%2Fdownload%2F%40babel%2Fhelper-validator-identifier-7.10.4.tgz",
			"integrity": "sha1-p4x6clHgH2FlEtMbEK3PUq2l4NI=",
			"dev": true
		},
		"@babel/highlight": {
			"version": "7.10.4",
			"resolved": "https://registry.npm.taobao.org/@babel/highlight/download/@babel/highlight-7.10.4.tgz?cache=0&sync_timestamp=1593522818552&other_urls=https%3A%2F%2Fregistry.npm.taobao.org%2F%40babel%2Fhighlight%2Fdownload%2F%40babel%2Fhighlight-7.10.4.tgz",
			"integrity": "sha1-fRvf1ldTU4+r5sOFls23bZrGAUM=",
			"dev": true,
			"requires": {
				"@babel/helper-validator-identifier": "^7.10.4",
				"chalk": "^2.0.0",
				"js-tokens": "^4.0.0"
			}
		},
		"@tootallnate/once": {
			"version": "1.1.2",
			"resolved": "https://registry.npm.taobao.org/@tootallnate/once/download/@tootallnate/once-1.1.2.tgz",
			"integrity": "sha1-zLkURTYBeaBOf+av94wA/8Hur4I=",
			"dev": true
		},
		"@types/mocha": {
			"version": "2.2.48",
			"resolved": "https://registry.npm.taobao.org/@types/mocha/download/@types/mocha-2.2.48.tgz",
			"integrity": "sha1-NSOxJqCwSUguHDwRh3Rg92Yi/6s=",
			"dev": true
		},
		"@types/node": {
			"version": "10.17.44",
			"resolved": "https://registry.npm.taobao.org/@types/node/download/@types/node-10.17.44.tgz?cache=0&sync_timestamp=1603910973093&other_urls=https%3A%2F%2Fregistry.npm.taobao.org%2F%40types%2Fnode%2Fdownload%2F%40types%2Fnode-10.17.44.tgz",
			"integrity": "sha1-OUXmtwLLZAPyK3ecjqnlw/ROrUA=",
			"dev": true
		},
		"agent-base": {
			"version": "6.0.2",
			"resolved": "https://registry.npm.taobao.org/agent-base/download/agent-base-6.0.2.tgz?cache=0&sync_timestamp=1603480100923&other_urls=https%3A%2F%2Fregistry.npm.taobao.org%2Fagent-base%2Fdownload%2Fagent-base-6.0.2.tgz",
			"integrity": "sha1-Sf/1hXfP7j83F2/qtMIuAPhtf3c=",
			"dev": true,
			"requires": {
				"debug": "4"
			}
		},
		"ansi-styles": {
			"version": "3.2.1",
			"resolved": "https://registry.npm.taobao.org/ansi-styles/download/ansi-styles-3.2.1.tgz?cache=0&sync_timestamp=1601839122515&other_urls=https%3A%2F%2Fregistry.npm.taobao.org%2Fansi-styles%2Fdownload%2Fansi-styles-3.2.1.tgz",
			"integrity": "sha1-QfuyAkPlCxK+DwS43tvwdSDOhB0=",
			"dev": true,
			"requires": {
				"color-convert": "^1.9.0"
			}
		},
		"argparse": {
			"version": "1.0.10",
			"resolved": "https://registry.npm.taobao.org/argparse/download/argparse-1.0.10.tgz?cache=0&sync_timestamp=1598649734444&other_urls=https%3A%2F%2Fregistry.npm.taobao.org%2Fargparse%2Fdownload%2Fargparse-1.0.10.tgz",
			"integrity": "sha1-vNZ5HqWuCXJeF+WtmIE0zUCz2RE=",
			"dev": true,
			"requires": {
				"sprintf-js": "~1.0.2"
			}
		},
		"balanced-match": {
			"version": "1.0.0",
			"resolved": "https://registry.npm.taobao.org/balanced-match/download/balanced-match-1.0.0.tgz",
			"integrity": "sha1-ibTRmasr7kneFk6gK4nORi1xt2c=",
			"dev": true
		},
		"brace-expansion": {
			"version": "1.1.11",
			"resolved": "https://registry.npm.taobao.org/brace-expansion/download/brace-expansion-1.1.11.tgz?cache=0&sync_timestamp=1601898189928&other_urls=https%3A%2F%2Fregistry.npm.taobao.org%2Fbrace-expansion%2Fdownload%2Fbrace-expansion-1.1.11.tgz",
			"integrity": "sha1-PH/L9SnYcibz0vUrlm/1Jx60Qd0=",
			"dev": true,
			"requires": {
				"balanced-match": "^1.0.0",
				"concat-map": "0.0.1"
			}
		},
		"browser-stdout": {
			"version": "1.3.1",
			"resolved": "https://registry.npm.taobao.org/browser-stdout/download/browser-stdout-1.3.1.tgz",
			"integrity": "sha1-uqVZ7hTO1zRSIputcyZGfGH6vWA=",
			"dev": true
		},
		"buffer-from": {
			"version": "1.1.1",
			"resolved": "https://registry.npm.taobao.org/buffer-from/download/buffer-from-1.1.1.tgz",
			"integrity": "sha1-MnE7wCj3XAL9txDXx7zsHyxgcO8=",
			"dev": true
		},
		"builtin-modules": {
			"version": "1.1.1",
			"resolved": "https://registry.npm.taobao.org/builtin-modules/download/builtin-modules-1.1.1.tgz",
			"integrity": "sha1-Jw8HbFpywC9bZaR9+Uxf46J4iS8=",
			"dev": true
		},
		"chalk": {
			"version": "2.4.2",
			"resolved": "https://registry.npm.taobao.org/chalk/download/chalk-2.4.2.tgz?cache=0&sync_timestamp=1591687076871&other_urls=https%3A%2F%2Fregistry.npm.taobao.org%2Fchalk%2Fdownload%2Fchalk-2.4.2.tgz",
			"integrity": "sha1-zUJUFnelQzPPVBpJEIwUMrRMlCQ=",
			"dev": true,
			"requires": {
				"ansi-styles": "^3.2.1",
				"escape-string-regexp": "^1.0.5",
				"supports-color": "^5.3.0"
			}
		},
		"color-convert": {
			"version": "1.9.3",
			"resolved": "https://registry.npm.taobao.org/color-convert/download/color-convert-1.9.3.tgz",
			"integrity": "sha1-u3GFBpDh8TZWfeYp0tVHHe2kweg=",
			"dev": true,
			"requires": {
				"color-name": "1.1.3"
			}
		},
		"color-name": {
			"version": "1.1.3",
			"resolved": "https://registry.npm.taobao.org/color-name/download/color-name-1.1.3.tgz",
			"integrity": "sha1-p9BVi9icQveV3UIyj3QIMcpTvCU=",
			"dev": true
		},
		"commander": {
			"version": "2.20.3",
			"resolved": "https://registry.npm.taobao.org/commander/download/commander-2.20.3.tgz?cache=0&sync_timestamp=1603599636161&other_urls=https%3A%2F%2Fregistry.npm.taobao.org%2Fcommander%2Fdownload%2Fcommander-2.20.3.tgz",
			"integrity": "sha1-/UhehMA+tIgcIHIrpIA16FMa6zM=",
			"dev": true
		},
		"concat-map": {
			"version": "0.0.1",
			"resolved": "https://registry.npm.taobao.org/concat-map/download/concat-map-0.0.1.tgz",
			"integrity": "sha1-2Klr13/Wjfd5OnMDajug1UBdR3s=",
			"dev": true
		},
		"debug": {
			"version": "4.2.0",
			"resolved": "https://registry.npm.taobao.org/debug/download/debug-4.2.0.tgz?cache=0&sync_timestamp=1600502894812&other_urls=https%3A%2F%2Fregistry.npm.taobao.org%2Fdebug%2Fdownload%2Fdebug-4.2.0.tgz",
			"integrity": "sha1-fxUPk5IOlMWPVXTC/QGjEQ7/5/E=",
			"dev": true,
			"requires": {
				"ms": "2.1.2"
			}
		},
		"diff": {
			"version": "4.0.2",
			"resolved": "https://registry.npm.taobao.org/diff/download/diff-4.0.2.tgz?cache=0&sync_timestamp=1578890967183&other_urls=https%3A%2F%2Fregistry.npm.taobao.org%2Fdiff%2Fdownload%2Fdiff-4.0.2.tgz",
			"integrity": "sha1-YPOuy4nV+uUgwRqhnvwruYKq3n0=",
			"dev": true
		},
		"es6-promise": {
			"version": "4.2.8",
			"resolved": "https://registry.npm.taobao.org/es6-promise/download/es6-promise-4.2.8.tgz",
			"integrity": "sha1-TrIVlMlyvEBVPSduUQU5FD21Pgo=",
			"dev": true
		},
		"es6-promisify": {
			"version": "5.0.0",
			"resolved": "https://registry.npm.taobao.org/es6-promisify/download/es6-promisify-5.0.0.tgz",
			"integrity": "sha1-UQnWLz5W6pZ8S2NQWu8IKRyKUgM=",
			"dev": true,
			"requires": {
				"es6-promise": "^4.0.3"
			}
		},
		"escape-string-regexp": {
			"version": "1.0.5",
			"resolved": "https://registry.npm.taobao.org/escape-string-regexp/download/escape-string-regexp-1.0.5.tgz?cache=0&sync_timestamp=1587627212242&other_urls=https%3A%2F%2Fregistry.npm.taobao.org%2Fescape-string-regexp%2Fdownload%2Fescape-string-regexp-1.0.5.tgz",
			"integrity": "sha1-G2HAViGQqN/2rjuyzwIAyhMLhtQ=",
			"dev": true
		},
		"esprima": {
			"version": "4.0.1",
			"resolved": "https://registry.npm.taobao.org/esprima/download/esprima-4.0.1.tgz",
			"integrity": "sha1-E7BM2z5sXRnfkatph6hpVhmwqnE=",
			"dev": true
		},
		"fs.realpath": {
			"version": "1.0.0",
			"resolved": "https://registry.npm.taobao.org/fs.realpath/download/fs.realpath-1.0.0.tgz",
			"integrity": "sha1-FQStJSMVjKpA20onh8sBQRmU6k8=",
			"dev": true
		},
		"function-bind": {
			"version": "1.1.1",
			"resolved": "https://registry.npm.taobao.org/function-bind/download/function-bind-1.1.1.tgz",
			"integrity": "sha1-pWiZ0+o8m6uHS7l3O3xe3pL0iV0=",
			"dev": true
		},
		"glob": {
			"version": "7.1.6",
			"resolved": "https://registry.npm.taobao.org/glob/download/glob-7.1.6.tgz?cache=0&sync_timestamp=1573078121947&other_urls=https%3A%2F%2Fregistry.npm.taobao.org%2Fglob%2Fdownload%2Fglob-7.1.6.tgz",
			"integrity": "sha1-FB8zuBp8JJLhJVlDB0gMRmeSeKY=",
			"dev": true,
			"requires": {
				"fs.realpath": "^1.0.0",
				"inflight": "^1.0.4",
				"inherits": "2",
				"minimatch": "^3.0.4",
				"once": "^1.3.0",
				"path-is-absolute": "^1.0.0"
			}
		},
		"growl": {
			"version": "1.10.5",
			"resolved": "https://registry.npm.taobao.org/growl/download/growl-1.10.5.tgz",
			"integrity": "sha1-8nNdwig2dPpnR4sQGBBZNVw2nl4=",
			"dev": true
		},
		"has": {
			"version": "1.0.3",
			"resolved": "https://registry.npm.taobao.org/has/download/has-1.0.3.tgz",
			"integrity": "sha1-ci18v8H2qoJB8W3YFOAR4fQeh5Y=",
			"dev": true,
			"requires": {
				"function-bind": "^1.1.1"
			}
		},
		"has-flag": {
			"version": "3.0.0",
			"resolved": "https://registry.npm.taobao.org/has-flag/download/has-flag-3.0.0.tgz",
			"integrity": "sha1-tdRU3CGZriJWmfNGfloH87lVuv0=",
			"dev": true
		},
		"he": {
			"version": "1.1.1",
			"resolved": "https://registry.npm.taobao.org/he/download/he-1.1.1.tgz",
			"integrity": "sha1-k0EP0hsAlzUVH4howvJx80J+I/0=",
			"dev": true
		},
		"http-proxy-agent": {
			"version": "4.0.1",
			"resolved": "https://registry.npm.taobao.org/http-proxy-agent/download/http-proxy-agent-4.0.1.tgz",
			"integrity": "sha1-ioyO9/WTLM+VPClsqCkblap0qjo=",
			"dev": true,
			"requires": {
				"@tootallnate/once": "1",
				"agent-base": "6",
				"debug": "4"
			}
		},
		"https-proxy-agent": {
			"version": "5.0.0",
			"resolved": "https://registry.npm.taobao.org/https-proxy-agent/download/https-proxy-agent-5.0.0.tgz",
			"integrity": "sha1-4qkFQqu2inYuCghQ9sntrf2FBrI=",
			"dev": true,
			"requires": {
				"agent-base": "6",
				"debug": "4"
			}
		},
		"inflight": {
			"version": "1.0.6",
			"resolved": "https://registry.npm.taobao.org/inflight/download/inflight-1.0.6.tgz",
			"integrity": "sha1-Sb1jMdfQLQwJvJEKEHW6gWW1bfk=",
			"dev": true,
			"requires": {
				"once": "^1.3.0",
				"wrappy": "1"
			}
		},
		"inherits": {
			"version": "2.0.4",
			"resolved": "https://registry.npm.taobao.org/inherits/download/inherits-2.0.4.tgz",
			"integrity": "sha1-D6LGT5MpF8NDOg3tVTY6rjdBa3w=",
			"dev": true
		},
		"is-core-module": {
			"version": "2.0.0",
			"resolved": "https://registry.npm.taobao.org/is-core-module/download/is-core-module-2.0.0.tgz?cache=0&sync_timestamp=1603133391687&other_urls=https%3A%2F%2Fregistry.npm.taobao.org%2Fis-core-module%2Fdownload%2Fis-core-module-2.0.0.tgz",
			"integrity": "sha1-WFMbcK7R23wOjU6xoKLR3dZL0S0=",
			"dev": true,
			"requires": {
				"has": "^1.0.3"
			}
		},
		"js-tokens": {
			"version": "4.0.0",
			"resolved": "https://registry.npm.taobao.org/js-tokens/download/js-tokens-4.0.0.tgz",
			"integrity": "sha1-GSA/tZmR35jjoocFDUZHzerzJJk=",
			"dev": true
		},
		"js-yaml": {
			"version": "3.14.0",
			"resolved": "https://registry.npm.taobao.org/js-yaml/download/js-yaml-3.14.0.tgz?cache=0&other_urls=https%3A%2F%2Fregistry.npm.taobao.org%2Fjs-yaml%2Fdownload%2Fjs-yaml-3.14.0.tgz",
			"integrity": "sha1-p6NBcPJqIbsWJCTYray0ETpp5II=",
			"dev": true,
			"requires": {
				"argparse": "^1.0.7",
				"esprima": "^4.0.0"
			}
		},
		"minimatch": {
			"version": "3.0.4",
			"resolved": "https://registry.npm.taobao.org/minimatch/download/minimatch-3.0.4.tgz",
			"integrity": "sha1-UWbihkV/AzBgZL5Ul+jbsMPTIIM=",
			"dev": true,
			"requires": {
				"brace-expansion": "^1.1.7"
			}
		},
		"minimist": {
			"version": "1.2.5",
			"resolved": "https://registry.npm.taobao.org/minimist/download/minimist-1.2.5.tgz?cache=0&other_urls=https%3A%2F%2Fregistry.npm.taobao.org%2Fminimist%2Fdownload%2Fminimist-1.2.5.tgz",
			"integrity": "sha1-Z9ZgFLZqaoqqDAg8X9WN9OTpdgI=",
			"dev": true
		},
		"mkdirp": {
			"version": "0.5.5",
			"resolved": "https://registry.npm.taobao.org/mkdirp/download/mkdirp-0.5.5.tgz?cache=0&sync_timestamp=1587535418745&other_urls=https%3A%2F%2Fregistry.npm.taobao.org%2Fmkdirp%2Fdownload%2Fmkdirp-0.5.5.tgz",
			"integrity": "sha1-2Rzv1i0UNsoPQWIOJRKI1CAJne8=",
			"dev": true,
			"requires": {
				"minimist": "^1.2.5"
			}
		},
		"mocha": {
			"version": "5.2.0",
			"resolved": "https://registry.npm.taobao.org/mocha/download/mocha-5.2.0.tgz?cache=0&sync_timestamp=1604355974139&other_urls=https%3A%2F%2Fregistry.npm.taobao.org%2Fmocha%2Fdownload%2Fmocha-5.2.0.tgz",
			"integrity": "sha1-bYrlCPWRZ/lA8rWzxKYSrlDJCuY=",
			"dev": true,
			"requires": {
				"browser-stdout": "1.3.1",
				"commander": "2.15.1",
				"debug": "3.1.0",
				"diff": "3.5.0",
				"escape-string-regexp": "1.0.5",
				"glob": "7.1.2",
				"growl": "1.10.5",
				"he": "1.1.1",
				"minimatch": "3.0.4",
				"mkdirp": "0.5.1",
				"supports-color": "5.4.0"
			},
			"dependencies": {
				"commander": {
					"version": "2.15.1",
					"resolved": "https://registry.npm.taobao.org/commander/download/commander-2.15.1.tgz?cache=0&sync_timestamp=1603599636161&other_urls=https%3A%2F%2Fregistry.npm.taobao.org%2Fcommander%2Fdownload%2Fcommander-2.15.1.tgz",
					"integrity": "sha1-30boZ9D8Kuxmo0ZitAapzK//Ww8=",
					"dev": true
				},
				"debug": {
					"version": "3.1.0",
					"resolved": "https://registry.npm.taobao.org/debug/download/debug-3.1.0.tgz?cache=0&sync_timestamp=1600502894812&other_urls=https%3A%2F%2Fregistry.npm.taobao.org%2Fdebug%2Fdownload%2Fdebug-3.1.0.tgz",
					"integrity": "sha1-W7WgZyYotkFJVmuhaBnmFRjGcmE=",
					"dev": true,
					"requires": {
						"ms": "2.0.0"
					}
				},
				"diff": {
					"version": "3.5.0",
					"resolved": "https://registry.npm.taobao.org/diff/download/diff-3.5.0.tgz?cache=0&sync_timestamp=1578890967183&other_urls=https%3A%2F%2Fregistry.npm.taobao.org%2Fdiff%2Fdownload%2Fdiff-3.5.0.tgz",
					"integrity": "sha1-gAwN0eCov7yVg1wgKtIg/jF+WhI=",
					"dev": true
				},
				"glob": {
					"version": "7.1.2",
					"resolved": "https://registry.npm.taobao.org/glob/download/glob-7.1.2.tgz?cache=0&sync_timestamp=1573078121947&other_urls=https%3A%2F%2Fregistry.npm.taobao.org%2Fglob%2Fdownload%2Fglob-7.1.2.tgz",
					"integrity": "sha1-wZyd+aAocC1nhhI4SmVSQExjbRU=",
					"dev": true,
					"requires": {
						"fs.realpath": "^1.0.0",
						"inflight": "^1.0.4",
						"inherits": "2",
						"minimatch": "^3.0.4",
						"once": "^1.3.0",
						"path-is-absolute": "^1.0.0"
					}
				},
				"minimist": {
					"version": "0.0.8",
					"resolved": "https://registry.npm.taobao.org/minimist/download/minimist-0.0.8.tgz?cache=0&other_urls=https%3A%2F%2Fregistry.npm.taobao.org%2Fminimist%2Fdownload%2Fminimist-0.0.8.tgz",
					"integrity": "sha1-hX/Kv8M5fSYluCKCYuhqp6ARsF0=",
					"dev": true
				},
				"mkdirp": {
					"version": "0.5.1",
					"resolved": "https://registry.npm.taobao.org/mkdirp/download/mkdirp-0.5.1.tgz?cache=0&sync_timestamp=1587535418745&other_urls=https%3A%2F%2Fregistry.npm.taobao.org%2Fmkdirp%2Fdownload%2Fmkdirp-0.5.1.tgz",
					"integrity": "sha1-MAV0OOrGz3+MR2fzhkjWaX11yQM=",
					"dev": true,
					"requires": {
						"minimist": "0.0.8"
					}
				},
				"ms": {
					"version": "2.0.0",
					"resolved": "https://registry.npm.taobao.org/ms/download/ms-2.0.0.tgz",
					"integrity": "sha1-VgiurfwAvmwpAd9fmGF4jeDVl8g=",
					"dev": true
				},
				"supports-color": {
					"version": "5.4.0",
					"resolved": "https://registry.npm.taobao.org/supports-color/download/supports-color-5.4.0.tgz?cache=0&sync_timestamp=1598611787836&other_urls=https%3A%2F%2Fregistry.npm.taobao.org%2Fsupports-color%2Fdownload%2Fsupports-color-5.4.0.tgz",
					"integrity": "sha1-HGszdALCE3YF7+GfEP7DkPb6q1Q=",
					"dev": true,
					"requires": {
						"has-flag": "^3.0.0"
					}
				}
			}
		},
		"ms": {
			"version": "2.1.2",
			"resolved": "https://registry.npm.taobao.org/ms/download/ms-2.1.2.tgz",
			"integrity": "sha1-0J0fNXtEP0kzgqjrPM0YOHKuYAk=",
			"dev": true
		},
		"once": {
			"version": "1.4.0",
			"resolved": "https://registry.npm.taobao.org/once/download/once-1.4.0.tgz",
			"integrity": "sha1-WDsap3WWHUsROsF9nFC6753Xa9E=",
			"dev": true,
			"requires": {
				"wrappy": "1"
			}
		},
		"path-is-absolute": {
			"version": "1.0.1",
			"resolved": "https://registry.npm.taobao.org/path-is-absolute/download/path-is-absolute-1.0.1.tgz",
			"integrity": "sha1-F0uSaHNVNP+8es5r9TpanhtcX18=",
			"dev": true
		},
		"path-parse": {
			"version": "1.0.6",
			"resolved": "https://registry.npm.taobao.org/path-parse/download/path-parse-1.0.6.tgz",
			"integrity": "sha1-1i27VnlAXXLEc37FhgDp3c8G0kw=",
			"dev": true
		},
		"resolve": {
			"version": "1.18.1",
			"resolved": "https://registry.npm.taobao.org/resolve/download/resolve-1.18.1.tgz?cache=0&sync_timestamp=1603313597183&other_urls=https%3A%2F%2Fregistry.npm.taobao.org%2Fresolve%2Fdownload%2Fresolve-1.18.1.tgz",
			"integrity": "sha1-AY/LLFsgfSpkJK7jYcWiZtqPQTA=",
			"dev": true,
			"requires": {
				"is-core-module": "^2.0.0",
				"path-parse": "^1.0.6"
			}
		},
		"semver": {
			"version": "5.7.1",
			"resolved": "https://registry.npm.taobao.org/semver/download/semver-5.7.1.tgz?cache=0&sync_timestamp=1586886267748&other_urls=https%3A%2F%2Fregistry.npm.taobao.org%2Fsemver%2Fdownload%2Fsemver-5.7.1.tgz",
			"integrity": "sha1-qVT5Ma66UI0we78Gnv8MAclhFvc=",
			"dev": true
		},
		"source-map": {
			"version": "0.6.1",
			"resolved": "https://registry.npm.taobao.org/source-map/download/source-map-0.6.1.tgz?cache=0&sync_timestamp=1571657176668&other_urls=https%3A%2F%2Fregistry.npm.taobao.org%2Fsource-map%2Fdownload%2Fsource-map-0.6.1.tgz",
			"integrity": "sha1-dHIq8y6WFOnCh6jQu95IteLxomM=",
			"dev": true
		},
		"source-map-support": {
			"version": "0.5.19",
			"resolved": "https://registry.npm.taobao.org/source-map-support/download/source-map-support-0.5.19.tgz?cache=0&sync_timestamp=1587719517036&other_urls=https%3A%2F%2Fregistry.npm.taobao.org%2Fsource-map-support%2Fdownload%2Fsource-map-support-0.5.19.tgz",
			"integrity": "sha1-qYti+G3K9PZzmWSMCFKRq56P7WE=",
			"dev": true,
			"requires": {
				"buffer-from": "^1.0.0",
				"source-map": "^0.6.0"
			}
		},
		"sprintf-js": {
			"version": "1.0.3",
			"resolved": "https://registry.npm.taobao.org/sprintf-js/download/sprintf-js-1.0.3.tgz",
			"integrity": "sha1-BOaSb2YolTVPPdAVIDYzuFcpfiw=",
			"dev": true
		},
		"supports-color": {
			"version": "5.5.0",
			"resolved": "https://registry.npm.taobao.org/supports-color/download/supports-color-5.5.0.tgz?cache=0&sync_timestamp=1598611787836&other_urls=https%3A%2F%2Fregistry.npm.taobao.org%2Fsupports-color%2Fdownload%2Fsupports-color-5.5.0.tgz",
			"integrity": "sha1-4uaaRKyHcveKHsCzW2id9lMO/I8=",
			"dev": true,
			"requires": {
				"has-flag": "^3.0.0"
			}
		},
		"tslib": {
			"version": "1.14.1",
			"resolved": "https://registry.npm.taobao.org/tslib/download/tslib-1.14.1.tgz",
			"integrity": "sha1-zy04vcNKE0vK8QkcQfZhni9nLQA=",
			"dev": true
		},
		"tslint": {
			"version": "5.20.1",
			"resolved": "https://registry.npm.taobao.org/tslint/download/tslint-5.20.1.tgz?cache=0&sync_timestamp=1600702172917&other_urls=https%3A%2F%2Fregistry.npm.taobao.org%2Ftslint%2Fdownload%2Ftslint-5.20.1.tgz",
			"integrity": "sha1-5AHortoBUrxE3QfmFANPP4DGe30=",
			"dev": true,
			"requires": {
				"@babel/code-frame": "^7.0.0",
				"builtin-modules": "^1.1.1",
				"chalk": "^2.3.0",
				"commander": "^2.12.1",
				"diff": "^4.0.1",
				"glob": "^7.1.1",
				"js-yaml": "^3.13.1",
				"minimatch": "^3.0.4",
				"mkdirp": "^0.5.1",
				"resolve": "^1.3.2",
				"semver": "^5.3.0",
				"tslib": "^1.8.0",
				"tsutils": "^2.29.0"
			}
		},
		"tsutils": {
			"version": "2.29.0",
			"resolved": "https://registry.npm.taobao.org/tsutils/download/tsutils-2.29.0.tgz",
			"integrity": "sha1-MrSIUBRnrL7dS4VJhnOggSrKC5k=",
			"dev": true,
			"requires": {
				"tslib": "^1.8.1"
			}
		},
		"typescript": {
			"version": "3.9.7",
			"resolved": "https://registry.npm.taobao.org/typescript/download/typescript-3.9.7.tgz?cache=0&sync_timestamp=1604215907084&other_urls=https%3A%2F%2Fregistry.npm.taobao.org%2Ftypescript%2Fdownload%2Ftypescript-3.9.7.tgz",
			"integrity": "sha1-mNYApevcOPQMsndSLxLcgA6eJfo=",
			"dev": true
		},
		"vscode": {
			"version": "1.1.37",
			"resolved": "https://registry.npm.taobao.org/vscode/download/vscode-1.1.37.tgz",
			"integrity": "sha1-wqdwvuS7P/92Xityx7zIE7imuwo=",
			"dev": true,
			"requires": {
				"glob": "^7.1.2",
				"http-proxy-agent": "^4.0.1",
				"https-proxy-agent": "^5.0.0",
				"mocha": "^5.2.0",
				"semver": "^5.4.1",
				"source-map-support": "^0.5.0",
				"vscode-test": "^0.4.1"
			}
		},
		"vscode-test": {
			"version": "0.4.3",
			"resolved": "https://registry.npm.taobao.org/vscode-test/download/vscode-test-0.4.3.tgz",
			"integrity": "sha1-Rh6/JfxLyT132YKu1VZlii4rkLg=",
			"dev": true,
			"requires": {
				"http-proxy-agent": "^2.1.0",
				"https-proxy-agent": "^2.2.1"
			},
			"dependencies": {
				"agent-base": {
					"version": "4.3.0",
					"resolved": "https://registry.npm.taobao.org/agent-base/download/agent-base-4.3.0.tgz?cache=0&sync_timestamp=1603480100923&other_urls=https%3A%2F%2Fregistry.npm.taobao.org%2Fagent-base%2Fdownload%2Fagent-base-4.3.0.tgz",
					"integrity": "sha1-gWXwHENgCbzK0LHRIvBe13Dvxu4=",
					"dev": true,
					"requires": {
						"es6-promisify": "^5.0.0"
					}
				},
				"debug": {
					"version": "3.1.0",
					"resolved": "https://registry.npm.taobao.org/debug/download/debug-3.1.0.tgz?cache=0&sync_timestamp=1600502894812&other_urls=https%3A%2F%2Fregistry.npm.taobao.org%2Fdebug%2Fdownload%2Fdebug-3.1.0.tgz",
					"integrity": "sha1-W7WgZyYotkFJVmuhaBnmFRjGcmE=",
					"dev": true,
					"requires": {
						"ms": "2.0.0"
					}
				},
				"http-proxy-agent": {
					"version": "2.1.0",
					"resolved": "https://registry.npm.taobao.org/http-proxy-agent/download/http-proxy-agent-2.1.0.tgz",
					"integrity": "sha1-5IIb7vWyFCogJr1zkm/lN2McVAU=",
					"dev": true,
					"requires": {
						"agent-base": "4",
						"debug": "3.1.0"
					}
				},
				"https-proxy-agent": {
					"version": "2.2.4",
					"resolved": "https://registry.npm.taobao.org/https-proxy-agent/download/https-proxy-agent-2.2.4.tgz",
					"integrity": "sha1-TuenN6vZJniik9mzShr00NCMeHs=",
					"dev": true,
					"requires": {
						"agent-base": "^4.3.0",
						"debug": "^3.1.0"
					}
				},
				"ms": {
					"version": "2.0.0",
					"resolved": "https://registry.npm.taobao.org/ms/download/ms-2.0.0.tgz",
					"integrity": "sha1-VgiurfwAvmwpAd9fmGF4jeDVl8g=",
					"dev": true
				}
			}
		},
		"wrappy": {
			"version": "1.0.2",
			"resolved": "https://registry.npm.taobao.org/wrappy/download/wrappy-1.0.2.tgz",
			"integrity": "sha1-tSQ9jz7BqjXxNkYFvA0QNuMKtp8=",
			"dev": true
		}
	}
}
