{
	"name": "thief-book",
	"version": "0.2.0",
	"lockfileVersion": 3,
	"requires": true,
	"packages": {
		"": {
			"name": "thief-book",
			"version": "0.2.0",
			"hasInstallScript": true,
			"dependencies": {
				"jszip": "^3.10.1",
				"xmldom": "^0.6.0",
				"xpath": "^0.0.33"
			},
			"devDependencies": {
				"@types/jszip": "^3.4.1",
				"@types/mocha": "^2.2.42",
				"@types/node": "^10.12.21",
				"@types/xmldom": "^0.1.34",
				"tslint": "^5.12.1",
				"typescript": "^3.3.1",
				"vscode": "^1.1.34"
			},
			"engines": {
				"vscode": "^1.34.0"
			}
		},
		"node_modules/@babel/code-frame": {
			"version": "7.0.0",
			"resolved": "https://registry.npm.taobao.org/@babel/code-frame/download/@babel/code-frame-7.0.0.tgz",
			"integrity": "sha1-BuKrGb21NThVWaq7W6WXKUgoAPg=",
			"dev": true,
			"license": "MIT",
			"dependencies": {
				"@babel/highlight": "^7.0.0"
			}
		},
		"node_modules/@babel/highlight": {
			"version": "7.0.0",
			"resolved": "https://registry.npm.taobao.org/@babel/highlight/download/@babel/highlight-7.0.0.tgz",
			"integrity": "sha1-9xDDjI1Fjm3ZogGvtjf8t4HOmeQ=",
			"dev": true,
			"license": "MIT",
			"dependencies": {
				"chalk": "^2.0.0",
				"esutils": "^2.0.2",
				"js-tokens": "^4.0.0"
			}
		},
		"node_modules/@types/jszip": {
			"version": "3.4.1",
			"resolved": "https://registry.npmmirror.com/@types/jszip/-/jszip-3.4.1.tgz",
			"integrity": "sha512-TezXjmf3lj+zQ651r6hPqvSScqBLvyPI9FxdXBqpEwBijNGQ2NXpaFW/7joGzveYkKQUil7iiDHLo6LV71Pc0A==",
			"dev": true,
			"license": "MIT",
			"dependencies": {
				"jszip": "*"
			}
		},
		"node_modules/@types/mocha": {
			"version": "2.2.48",
			"resolved": "https://registry.npm.taobao.org/@types/mocha/download/@types/mocha-2.2.48.tgz",
			"integrity": "sha1-NSOxJqCwSUguHDwRh3Rg92Yi/6s=",
			"dev": true,
			"license": "MIT"
		},
		"node_modules/@types/node": {
			"version": "10.14.7",
			"resolved": "https://registry.npm.taobao.org/@types/node/download/@types/node-10.14.7.tgz",
			"integrity": "sha1-GFTwqaqNLNaBjWB7PQkTRsZzA2I=",
			"dev": true,
			"license": "MIT"
		},
		"node_modules/@types/xmldom": {
			"version": "0.1.34",
			"resolved": "https://registry.npmmirror.com/@types/xmldom/-/xmldom-0.1.34.tgz",
			"integrity": "sha512-7eZFfxI9XHYjJJuugddV6N5YNeXgQE1lArWOcd1eCOKWb/FGs5SIjacSYuEJuwhsGS3gy4RuZ5EUIcqYscuPDA==",
			"dev": true,
			"license": "MIT"
		},
		"node_modules/agent-base": {
			"version": "4.2.1",
			"resolved": "https://registry.npm.taobao.org/agent-base/download/agent-base-4.2.1.tgz?cache=0&other_urls=https%3A%2F%2Fregistry.npm.taobao.org%2Fagent-base%2Fdownload%2Fagent-base-4.2.1.tgz",
			"integrity": "sha1-2J5ZmfeXh1Z0wH2H8mD8Qeg+jKk=",
			"dev": true,
			"license": "MIT",
			"dependencies": {
				"es6-promisify": "^5.0.0"
			},
			"engines": {
				"node": ">= 4.0.0"
			}
		},
		"node_modules/ajv": {
			"version": "6.10.0",
			"resolved": "https://registry.npm.taobao.org/ajv/download/ajv-6.10.0.tgz",
			"integrity": "sha1-kNDVRDnaWHzX6EO/twRfUL0ivfE=",
			"dev": true,
			"license": "MIT",
			"dependencies": {
				"fast-deep-equal": "^2.0.1",
				"fast-json-stable-stringify": "^2.0.0",
				"json-schema-traverse": "^0.4.1",
				"uri-js": "^4.2.2"
			}
		},
		"node_modules/ansi-styles": {
			"version": "3.2.1",
			"resolved": "https://registry.npm.taobao.org/ansi-styles/download/ansi-styles-3.2.1.tgz",
			"integrity": "sha1-QfuyAkPlCxK+DwS43tvwdSDOhB0=",
			"dev": true,
			"license": "MIT",
			"dependencies": {
				"color-convert": "^1.9.0"
			},
			"engines": {
				"node": ">=4"
			}
		},
		"node_modules/argparse": {
			"version": "1.0.10",
			"resolved": "https://registry.npm.taobao.org/argparse/download/argparse-1.0.10.tgz",
			"integrity": "sha1-vNZ5HqWuCXJeF+WtmIE0zUCz2RE=",
			"dev": true,
			"license": "MIT",
			"dependencies": {
				"sprintf-js": "~1.0.2"
			}
		},
		"node_modules/asn1": {
			"version": "0.2.4",
			"resolved": "https://registry.npm.taobao.org/asn1/download/asn1-0.2.4.tgz",
			"integrity": "sha1-jSR136tVO7M+d7VOWeiAu4ziMTY=",
			"dev": true,
			"license": "MIT",
			"dependencies": {
				"safer-buffer": "~2.1.0"
			}
		},
		"node_modules/assert-plus": {
			"version": "1.0.0",
			"resolved": "https://registry.npm.taobao.org/assert-plus/download/assert-plus-1.0.0.tgz",
			"integrity": "sha1-8S4PPF13sLHN2RRpQuTpbB5N1SU=",
			"dev": true,
			"license": "MIT",
			"engines": {
				"node": ">=0.8"
			}
		},
		"node_modules/asynckit": {
			"version": "0.4.0",
			"resolved": "https://registry.npm.taobao.org/asynckit/download/asynckit-0.4.0.tgz",
			"integrity": "sha1-x57Zf380y48robyXkLzDZkdLS3k=",
			"dev": true,
			"license": "MIT"
		},
		"node_modules/aws-sign2": {
			"version": "0.7.0",
			"resolved": "https://registry.npm.taobao.org/aws-sign2/download/aws-sign2-0.7.0.tgz",
			"integrity": "sha1-tG6JCTSpWR8tL2+G1+ap8bP+dqg=",
			"dev": true,
			"license": "Apache-2.0",
			"engines": {
				"node": "*"
			}
		},
		"node_modules/aws4": {
			"version": "1.8.0",
			"resolved": "https://registry.npm.taobao.org/aws4/download/aws4-1.8.0.tgz",
			"integrity": "sha1-8OAD2cqef1nHpQiUXXsu+aBKVC8=",
			"dev": true,
			"license": "MIT"
		},
		"node_modules/balanced-match": {
			"version": "1.0.0",
			"resolved": "https://registry.npm.taobao.org/balanced-match/download/balanced-match-1.0.0.tgz",
			"integrity": "sha1-ibTRmasr7kneFk6gK4nORi1xt2c=",
			"dev": true,
			"license": "MIT"
		},
		"node_modules/bcrypt-pbkdf": {
			"version": "1.0.2",
			"resolved": "https://registry.npm.taobao.org/bcrypt-pbkdf/download/bcrypt-pbkdf-1.0.2.tgz",
			"integrity": "sha1-pDAdOJtqQ/m2f/PKEaP2Y342Dp4=",
			"dev": true,
			"license": "BSD-3-Clause",
			"dependencies": {
				"tweetnacl": "^0.14.3"
			}
		},
		"node_modules/brace-expansion": {
			"version": "1.1.11",
			"resolved": "https://registry.npm.taobao.org/brace-expansion/download/brace-expansion-1.1.11.tgz",
			"integrity": "sha1-PH/L9SnYcibz0vUrlm/1Jx60Qd0=",
			"dev": true,
			"license": "MIT",
			"dependencies": {
				"balanced-match": "^1.0.0",
				"concat-map": "0.0.1"
			}
		},
		"node_modules/browser-stdout": {
			"version": "1.3.0",
			"resolved": "https://registry.npm.taobao.org/browser-stdout/download/browser-stdout-1.3.0.tgz",
			"integrity": "sha1-81HTKWnTL6XXpVZxVCY9korjvR8=",
			"dev": true,
			"license": "ISC"
		},
		"node_modules/buffer-from": {
			"version": "1.1.1",
			"resolved": "https://registry.npm.taobao.org/buffer-from/download/buffer-from-1.1.1.tgz",
			"integrity": "sha1-MnE7wCj3XAL9txDXx7zsHyxgcO8=",
			"dev": true,
			"license": "MIT"
		},
		"node_modules/builtin-modules": {
			"version": "1.1.1",
			"resolved": "https://registry.npm.taobao.org/builtin-modules/download/builtin-modules-1.1.1.tgz",
			"integrity": "sha1-Jw8HbFpywC9bZaR9+Uxf46J4iS8=",
			"dev": true,
			"license": "MIT",
			"engines": {
				"node": ">=0.10.0"
			}
		},
		"node_modules/caseless": {
			"version": "0.12.0",
			"resolved": "https://registry.npm.taobao.org/caseless/download/caseless-0.12.0.tgz",
			"integrity": "sha1-G2gcIf+EAzyCZUMJBolCDRhxUdw=",
			"dev": true,
			"license": "Apache-2.0"
		},
		"node_modules/chalk": {
			"version": "2.4.2",
			"resolved": "https://registry.npm.taobao.org/chalk/download/chalk-2.4.2.tgz",
			"integrity": "sha1-zUJUFnelQzPPVBpJEIwUMrRMlCQ=",
			"dev": true,
			"license": "MIT",
			"dependencies": {
				"ansi-styles": "^3.2.1",
				"escape-string-regexp": "^1.0.5",
				"supports-color": "^5.3.0"
			},
			"engines": {
				"node": ">=4"
			}
		},
		"node_modules/color-convert": {
			"version": "1.9.3",
			"resolved": "https://registry.npm.taobao.org/color-convert/download/color-convert-1.9.3.tgz",
			"integrity": "sha1-u3GFBpDh8TZWfeYp0tVHHe2kweg=",
			"dev": true,
			"license": "MIT",
			"dependencies": {
				"color-name": "1.1.3"
			}
		},
		"node_modules/color-name": {
			"version": "1.1.3",
			"resolved": "https://registry.npm.taobao.org/color-name/download/color-name-1.1.3.tgz",
			"integrity": "sha1-p9BVi9icQveV3UIyj3QIMcpTvCU=",
			"dev": true,
			"license": "MIT"
		},
		"node_modules/combined-stream": {
			"version": "1.0.8",
			"resolved": "https://registry.npm.taobao.org/combined-stream/download/combined-stream-1.0.8.tgz",
			"integrity": "sha1-w9RaizT9cwYxoRCoolIGgrMdWn8=",
			"dev": true,
			"license": "MIT",
			"dependencies": {
				"delayed-stream": "~1.0.0"
			},
			"engines": {
				"node": ">= 0.8"
			}
		},
		"node_modules/commander": {
			"version": "2.20.0",
			"resolved": "https://registry.npm.taobao.org/commander/download/commander-2.20.0.tgz",
			"integrity": "sha1-1YuytcHuj4ew00ACfp6U4iLFpCI=",
			"dev": true,
			"license": "MIT"
		},
		"node_modules/concat-map": {
			"version": "0.0.1",
			"resolved": "https://registry.npm.taobao.org/concat-map/download/concat-map-0.0.1.tgz",
			"integrity": "sha1-2Klr13/Wjfd5OnMDajug1UBdR3s=",
			"dev": true,
			"license": "MIT"
		},
		"node_modules/core-util-is": {
			"version": "1.0.3",
			"resolved": "https://registry.npmmirror.com/core-util-is/-/core-util-is-1.0.3.tgz",
			"integrity": "sha512-ZQBvi1DcpJ4GDqanjucZ2Hj3wEO5pZDS89BWbkcrvdxksJorwUDDZamX9ldFkp9aw2lmBDLgkObEA4DWNJ9FYQ==",
			"license": "MIT"
		},
		"node_modules/dashdash": {
			"version": "1.14.1",
			"resolved": "https://registry.npm.taobao.org/dashdash/download/dashdash-1.14.1.tgz",
			"integrity": "sha1-hTz6D3y+L+1d4gMmuN1YEDX24vA=",
			"dev": true,
			"license": "MIT",
			"dependencies": {
				"assert-plus": "^1.0.0"
			},
			"engines": {
				"node": ">=0.10"
			}
		},
		"node_modules/debug": {
			"version": "3.1.0",
			"resolved": "https://registry.npm.taobao.org/debug/download/debug-3.1.0.tgz?cache=0&other_urls=https%3A%2F%2Fregistry.npm.taobao.org%2Fdebug%2Fdownload%2Fdebug-3.1.0.tgz",
			"integrity": "sha1-W7WgZyYotkFJVmuhaBnmFRjGcmE=",
			"dev": true,
			"license": "MIT",
			"dependencies": {
				"ms": "2.0.0"
			}
		},
		"node_modules/delayed-stream": {
			"version": "1.0.0",
			"resolved": "https://registry.npm.taobao.org/delayed-stream/download/delayed-stream-1.0.0.tgz",
			"integrity": "sha1-3zrhmayt+31ECqrgsp4icrJOxhk=",
			"dev": true,
			"license": "MIT",
			"engines": {
				"node": ">=0.4.0"
			}
		},
		"node_modules/diff": {
			"version": "3.5.0",
			"resolved": "https://registry.npm.taobao.org/diff/download/diff-3.5.0.tgz",
			"integrity": "sha1-gAwN0eCov7yVg1wgKtIg/jF+WhI=",
			"dev": true,
			"license": "BSD-3-Clause",
			"engines": {
				"node": ">=0.3.1"
			}
		},
		"node_modules/ecc-jsbn": {
			"version": "0.1.2",
			"resolved": "https://registry.npm.taobao.org/ecc-jsbn/download/ecc-jsbn-0.1.2.tgz",
			"integrity": "sha1-OoOpBOVDUyh4dMVkt1SThoSamMk=",
			"dev": true,
			"license": "MIT",
			"dependencies": {
				"jsbn": "~0.1.0",
				"safer-buffer": "^2.1.0"
			}
		},
		"node_modules/es6-promise": {
			"version": "4.2.6",
			"resolved": "https://registry.npm.taobao.org/es6-promise/download/es6-promise-4.2.6.tgz?cache=0&other_urls=https%3A%2F%2Fregistry.npm.taobao.org%2Fes6-promise%2Fdownload%2Fes6-promise-4.2.6.tgz",
			"integrity": "sha1-toXt2CWIhjZepitX0w3ij63Nl08=",
			"dev": true,
			"license": "MIT"
		},
		"node_modules/es6-promisify": {
			"version": "5.0.0",
			"resolved": "https://registry.npm.taobao.org/es6-promisify/download/es6-promisify-5.0.0.tgz",
			"integrity": "sha1-UQnWLz5W6pZ8S2NQWu8IKRyKUgM=",
			"dev": true,
			"license": "MIT",
			"dependencies": {
				"es6-promise": "^4.0.3"
			}
		},
		"node_modules/escape-string-regexp": {
			"version": "1.0.5",
			"resolved": "https://registry.npm.taobao.org/escape-string-regexp/download/escape-string-regexp-1.0.5.tgz?cache=0&other_urls=https%3A%2F%2Fregistry.npm.taobao.org%2Fescape-string-regexp%2Fdownload%2Fescape-string-regexp-1.0.5.tgz",
			"integrity": "sha1-G2HAViGQqN/2rjuyzwIAyhMLhtQ=",
			"dev": true,
			"license": "MIT",
			"engines": {
				"node": ">=0.8.0"
			}
		},
		"node_modules/esprima": {
			"version": "4.0.1",
			"resolved": "https://registry.npm.taobao.org/esprima/download/esprima-4.0.1.tgz",
			"integrity": "sha1-E7BM2z5sXRnfkatph6hpVhmwqnE=",
			"dev": true,
			"license": "BSD-2-Clause",
			"bin": {
				"esparse": "bin/esparse.js",
				"esvalidate": "bin/esvalidate.js"
			},
			"engines": {
				"node": ">=4"
			}
		},
		"node_modules/esutils": {
			"version": "2.0.2",
			"resolved": "https://registry.npm.taobao.org/esutils/download/esutils-2.0.2.tgz",
			"integrity": "sha1-Cr9PHKpbyx96nYrMbepPqqBLrJs=",
			"dev": true,
			"engines": {
				"node": ">=0.10.0"
			}
		},
		"node_modules/extend": {
			"version": "3.0.2",
			"resolved": "https://registry.npm.taobao.org/extend/download/extend-3.0.2.tgz",
			"integrity": "sha1-+LETa0Bx+9jrFAr/hYsQGewpFfo=",
			"dev": true,
			"license": "MIT"
		},
		"node_modules/extsprintf": {
			"version": "1.3.0",
			"resolved": "https://registry.npm.taobao.org/extsprintf/download/extsprintf-1.3.0.tgz",
			"integrity": "sha1-lpGEQOMEGnpBT4xS48V06zw+HgU=",
			"dev": true,
			"engines": [
				"node >=0.6.0"
			],
			"license": "MIT"
		},
		"node_modules/fast-deep-equal": {
			"version": "2.0.1",
			"resolved": "https://registry.npm.taobao.org/fast-deep-equal/download/fast-deep-equal-2.0.1.tgz?cache=0&other_urls=https%3A%2F%2Fregistry.npm.taobao.org%2Ffast-deep-equal%2Fdownload%2Ffast-deep-equal-2.0.1.tgz",
			"integrity": "sha1-ewUhjd+WZ79/Nwv3/bLLFf3Qqkk=",
			"dev": true,
			"license": "MIT"
		},
		"node_modules/fast-json-stable-stringify": {
			"version": "2.0.0",
			"resolved": "https://registry.npm.taobao.org/fast-json-stable-stringify/download/fast-json-stable-stringify-2.0.0.tgz",
			"integrity": "sha1-1RQsDK7msRifh9OnYREGT4bIu/I=",
			"dev": true,
			"license": "MIT"
		},
		"node_modules/forever-agent": {
			"version": "0.6.1",
			"resolved": "https://registry.npm.taobao.org/forever-agent/download/forever-agent-0.6.1.tgz",
			"integrity": "sha1-+8cfDEGt6zf5bFd60e1C2P2sypE=",
			"dev": true,
			"license": "Apache-2.0",
			"engines": {
				"node": "*"
			}
		},
		"node_modules/form-data": {
			"version": "2.3.3",
			"resolved": "https://registry.npm.taobao.org/form-data/download/form-data-2.3.3.tgz",
			"integrity": "sha1-3M5SwF9kTymManq5Nr1yTO/786Y=",
			"dev": true,
			"license": "MIT",
			"dependencies": {
				"asynckit": "^0.4.0",
				"combined-stream": "^1.0.6",
				"mime-types": "^2.1.12"
			},
			"engines": {
				"node": ">= 0.12"
			}
		},
		"node_modules/fs.realpath": {
			"version": "1.0.0",
			"resolved": "https://registry.npm.taobao.org/fs.realpath/download/fs.realpath-1.0.0.tgz",
			"integrity": "sha1-FQStJSMVjKpA20onh8sBQRmU6k8=",
			"dev": true,
			"license": "ISC"
		},
		"node_modules/getpass": {
			"version": "0.1.7",
			"resolved": "https://registry.npm.taobao.org/getpass/download/getpass-0.1.7.tgz",
			"integrity": "sha1-Xv+OPmhNVprkyysSgmBOi6YhSfo=",
			"dev": true,
			"license": "MIT",
			"dependencies": {
				"assert-plus": "^1.0.0"
			}
		},
		"node_modules/glob": {
			"version": "7.1.4",
			"resolved": "https://registry.npm.taobao.org/glob/download/glob-7.1.4.tgz",
			"integrity": "sha1-qmCKL2xXetNX4a5aXCbZqNGWklU=",
			"dev": true,
			"license": "ISC",
			"dependencies": {
				"fs.realpath": "^1.0.0",
				"inflight": "^1.0.4",
				"inherits": "2",
				"minimatch": "^3.0.4",
				"once": "^1.3.0",
				"path-is-absolute": "^1.0.0"
			},
			"engines": {
				"node": "*"
			}
		},
		"node_modules/growl": {
			"version": "1.10.3",
			"resolved": "https://registry.npm.taobao.org/growl/download/growl-1.10.3.tgz",
			"integrity": "sha1-GSa6kM8+3+KttJJ/WIC8IsZseQ8=",
			"dev": true,
			"license": "MIT",
			"engines": {
				"node": ">=4.x"
			}
		},
		"node_modules/har-schema": {
			"version": "2.0.0",
			"resolved": "https://registry.npm.taobao.org/har-schema/download/har-schema-2.0.0.tgz",
			"integrity": "sha1-qUwiJOvKwEeCoNkDVSHyRzW37JI=",
			"dev": true,
			"license": "ISC",
			"engines": {
				"node": ">=4"
			}
		},
		"node_modules/har-validator": {
			"version": "5.1.3",
			"resolved": "https://registry.npm.taobao.org/har-validator/download/har-validator-5.1.3.tgz",
			"integrity": "sha1-HvievT5JllV2de7ZiTEQ3DUPoIA=",
			"dev": true,
			"license": "MIT",
			"dependencies": {
				"ajv": "^6.5.5",
				"har-schema": "^2.0.0"
			},
			"engines": {
				"node": ">=6"
			}
		},
		"node_modules/has-flag": {
			"version": "3.0.0",
			"resolved": "https://registry.npm.taobao.org/has-flag/download/has-flag-3.0.0.tgz",
			"integrity": "sha1-tdRU3CGZriJWmfNGfloH87lVuv0=",
			"dev": true,
			"license": "MIT",
			"engines": {
				"node": ">=4"
			}
		},
		"node_modules/he": {
			"version": "1.1.1",
			"resolved": "https://registry.npm.taobao.org/he/download/he-1.1.1.tgz",
			"integrity": "sha1-k0EP0hsAlzUVH4howvJx80J+I/0=",
			"dev": true,
			"license": "MIT",
			"bin": {
				"he": "bin/he"
			}
		},
		"node_modules/http-proxy-agent": {
			"version": "2.1.0",
			"resolved": "https://registry.npm.taobao.org/http-proxy-agent/download/http-proxy-agent-2.1.0.tgz",
			"integrity": "sha1-5IIb7vWyFCogJr1zkm/lN2McVAU=",
			"dev": true,
			"license": "MIT",
			"dependencies": {
				"agent-base": "4",
				"debug": "3.1.0"
			},
			"engines": {
				"node": ">= 4.5.0"
			}
		},
		"node_modules/http-signature": {
			"version": "1.2.0",
			"resolved": "https://registry.npm.taobao.org/http-signature/download/http-signature-1.2.0.tgz",
			"integrity": "sha1-muzZJRFHcvPZW2WmCruPfBj7rOE=",
			"dev": true,
			"license": "MIT",
			"dependencies": {
				"assert-plus": "^1.0.0",
				"jsprim": "^1.2.2",
				"sshpk": "^1.7.0"
			},
			"engines": {
				"node": ">=0.8",
				"npm": ">=1.3.7"
			}
		},
		"node_modules/https-proxy-agent": {
			"version": "2.2.1",
			"resolved": "https://registry.npm.taobao.org/https-proxy-agent/download/https-proxy-agent-2.2.1.tgz",
			"integrity": "sha1-UVUpcPoE1yPgTFbQQXjD+SWSu8A=",
			"dev": true,
			"license": "MIT",
			"dependencies": {
				"agent-base": "^4.1.0",
				"debug": "^3.1.0"
			},
			"engines": {
				"node": ">= 4.5.0"
			}
		},
		"node_modules/immediate": {
			"version": "3.0.6",
			"resolved": "https://registry.npmmirror.com/immediate/-/immediate-3.0.6.tgz",
			"integrity": "sha512-XXOFtyqDjNDAQxVfYxuF7g9Il/IbWmmlQg2MYKOH8ExIT1qg6xc4zyS3HaEEATgs1btfzxq15ciUiY7gjSXRGQ==",
			"license": "MIT"
		},
		"node_modules/inflight": {
			"version": "1.0.6",
			"resolved": "https://registry.npm.taobao.org/inflight/download/inflight-1.0.6.tgz",
			"integrity": "sha1-Sb1jMdfQLQwJvJEKEHW6gWW1bfk=",
			"dev": true,
			"license": "ISC",
			"dependencies": {
				"once": "^1.3.0",
				"wrappy": "1"
			}
		},
		"node_modules/inherits": {
			"version": "2.0.4",
			"resolved": "https://registry.npmmirror.com/inherits/-/inherits-2.0.4.tgz",
			"integrity": "sha512-k/vGaX4/Yla3WzyMCvTQOXYeIHvqOKtnqBduzTHpzpQZzAskKMhZ2K+EnBiSM9zGSoIFeMpXKxa4dYeZIQqewQ==",
			"license": "ISC"
		},
		"node_modules/is-typedarray": {
			"version": "1.0.0",
			"resolved": "https://registry.npm.taobao.org/is-typedarray/download/is-typedarray-1.0.0.tgz",
			"integrity": "sha1-5HnICFjfDBsR3dppQPlgEfzaSpo=",
			"dev": true,
			"license": "MIT"
		},
		"node_modules/isarray": {
			"version": "1.0.0",
			"resolved": "https://registry.npmmirror.com/isarray/-/isarray-1.0.0.tgz",
			"integrity": "sha512-VLghIWNM6ELQzo7zwmcg0NmTVyWKYjvIeM83yjp0wRDTmUnrM678fQbcKBo6n2CJEF0szoG//ytg+TKla89ALQ==",
			"license": "MIT"
		},
		"node_modules/isstream": {
			"version": "0.1.2",
			"resolved": "https://registry.npm.taobao.org/isstream/download/isstream-0.1.2.tgz",
			"integrity": "sha1-R+Y/evVa+m+S4VAOaQ64uFKcCZo=",
			"dev": true,
			"license": "MIT"
		},
		"node_modules/js-tokens": {
			"version": "4.0.0",
			"resolved": "https://registry.npm.taobao.org/js-tokens/download/js-tokens-4.0.0.tgz",
			"integrity": "sha1-GSA/tZmR35jjoocFDUZHzerzJJk=",
			"dev": true,
			"license": "MIT"
		},
		"node_modules/js-yaml": {
			"version": "3.13.1",
			"resolved": "https://registry.npm.taobao.org/js-yaml/download/js-yaml-3.13.1.tgz",
			"integrity": "sha1-r/FRswv9+o5J4F2iLnQV6d+jeEc=",
			"dev": true,
			"license": "MIT",
			"dependencies": {
				"argparse": "^1.0.7",
				"esprima": "^4.0.0"
			},
			"bin": {
				"js-yaml": "bin/js-yaml.js"
			}
		},
		"node_modules/jsbn": {
			"version": "0.1.1",
			"resolved": "https://registry.npm.taobao.org/jsbn/download/jsbn-0.1.1.tgz",
			"integrity": "sha1-peZUwuWi3rXyAdls77yoDA7y9RM=",
			"dev": true,
			"license": "MIT"
		},
		"node_modules/json-schema": {
			"version": "0.2.3",
			"resolved": "https://registry.npm.taobao.org/json-schema/download/json-schema-0.2.3.tgz",
			"integrity": "sha1-tIDIkuWaLwWVTOcnvT8qTogvnhM=",
			"dev": true
		},
		"node_modules/json-schema-traverse": {
			"version": "0.4.1",
			"resolved": "https://registry.npm.taobao.org/json-schema-traverse/download/json-schema-traverse-0.4.1.tgz",
			"integrity": "sha1-afaofZUTq4u4/mO9sJecRI5oRmA=",
			"dev": true,
			"license": "MIT"
		},
		"node_modules/json-stringify-safe": {
			"version": "5.0.1",
			"resolved": "https://registry.npm.taobao.org/json-stringify-safe/download/json-stringify-safe-5.0.1.tgz",
			"integrity": "sha1-Epai1Y/UXxmg9s4B1lcB4sc1tus=",
			"dev": true,
			"license": "ISC"
		},
		"node_modules/jsprim": {
			"version": "1.4.1",
			"resolved": "https://registry.npm.taobao.org/jsprim/download/jsprim-1.4.1.tgz",
			"integrity": "sha1-MT5mvB5cwG5Di8G3SZwuXFastqI=",
			"dev": true,
			"engines": [
				"node >=0.6.0"
			],
			"license": "MIT",
			"dependencies": {
				"assert-plus": "1.0.0",
				"extsprintf": "1.3.0",
				"json-schema": "0.2.3",
				"verror": "1.10.0"
			}
		},
		"node_modules/jszip": {
			"version": "3.10.1",
			"resolved": "https://registry.npmmirror.com/jszip/-/jszip-3.10.1.tgz",
			"integrity": "sha512-xXDvecyTpGLrqFrvkrUSoxxfJI5AH7U8zxxtVclpsUtMCq4JQ290LY8AW5c7Ggnr/Y/oK+bQMbqK2qmtk3pN4g==",
			"license": "(MIT OR GPL-3.0-or-later)",
			"dependencies": {
				"lie": "~3.3.0",
				"pako": "~1.0.2",
				"readable-stream": "~2.3.6",
				"setimmediate": "^1.0.5"
			}
		},
		"node_modules/lie": {
			"version": "3.3.0",
			"resolved": "https://registry.npmmirror.com/lie/-/lie-3.3.0.tgz",
			"integrity": "sha512-UaiMJzeWRlEujzAuw5LokY1L5ecNQYZKfmyZ9L7wDHb/p5etKaxXhohBcrw0EYby+G/NA52vRSN4N39dxHAIwQ==",
			"license": "MIT",
			"dependencies": {
				"immediate": "~3.0.5"
			}
		},
		"node_modules/mime-db": {
			"version": "1.40.0",
			"resolved": "https://registry.npm.taobao.org/mime-db/download/mime-db-1.40.0.tgz",
			"integrity": "sha1-plBX6ZjbCQ9zKmj2wnbTh9QSbDI=",
			"dev": true,
			"license": "MIT",
			"engines": {
				"node": ">= 0.6"
			}
		},
		"node_modules/mime-types": {
			"version": "2.1.24",
			"resolved": "https://registry.npm.taobao.org/mime-types/download/mime-types-2.1.24.tgz?cache=0&other_urls=https%3A%2F%2Fregistry.npm.taobao.org%2Fmime-types%2Fdownload%2Fmime-types-2.1.24.tgz",
			"integrity": "sha1-tvjQs+lR77d97eyhlM/20W9nb4E=",
			"dev": true,
			"license": "MIT",
			"dependencies": {
				"mime-db": "1.40.0"
			},
			"engines": {
				"node": ">= 0.6"
			}
		},
		"node_modules/minimatch": {
			"version": "3.0.4",
			"resolved": "https://registry.npm.taobao.org/minimatch/download/minimatch-3.0.4.tgz?cache=0&other_urls=https%3A%2F%2Fregistry.npm.taobao.org%2Fminimatch%2Fdownload%2Fminimatch-3.0.4.tgz",
			"integrity": "sha1-UWbihkV/AzBgZL5Ul+jbsMPTIIM=",
			"dev": true,
			"license": "ISC",
			"dependencies": {
				"brace-expansion": "^1.1.7"
			},
			"engines": {
				"node": "*"
			}
		},
		"node_modules/minimist": {
			"version": "0.0.8",
			"resolved": "https://registry.npm.taobao.org/minimist/download/minimist-0.0.8.tgz",
			"integrity": "sha1-hX/Kv8M5fSYluCKCYuhqp6ARsF0=",
			"dev": true,
			"license": "MIT"
		},
		"node_modules/mkdirp": {
			"version": "0.5.1",
			"resolved": "https://registry.npm.taobao.org/mkdirp/download/mkdirp-0.5.1.tgz?cache=0&other_urls=https%3A%2F%2Fregistry.npm.taobao.org%2Fmkdirp%2Fdownload%2Fmkdirp-0.5.1.tgz",
			"integrity": "sha1-MAV0OOrGz3+MR2fzhkjWaX11yQM=",
			"dev": true,
			"license": "MIT",
			"dependencies": {
				"minimist": "0.0.8"
			},
			"bin": {
				"mkdirp": "bin/cmd.js"
			}
		},
		"node_modules/mocha": {
			"version": "4.1.0",
			"resolved": "https://registry.npm.taobao.org/mocha/download/mocha-4.1.0.tgz?cache=0&other_urls=https%3A%2F%2Fregistry.npm.taobao.org%2Fmocha%2Fdownload%2Fmocha-4.1.0.tgz",
			"integrity": "sha1-fYbPvPNcuCnidUwy4XNV7AUzh5Q=",
			"dev": true,
			"license": "MIT",
			"dependencies": {
				"browser-stdout": "1.3.0",
				"commander": "2.11.0",
				"debug": "3.1.0",
				"diff": "3.3.1",
				"escape-string-regexp": "1.0.5",
				"glob": "7.1.2",
				"growl": "1.10.3",
				"he": "1.1.1",
				"mkdirp": "0.5.1",
				"supports-color": "4.4.0"
			},
			"bin": {
				"_mocha": "bin/_mocha",
				"mocha": "bin/mocha"
			},
			"engines": {
				"node": ">= 4.0.0"
			}
		},
		"node_modules/mocha/node_modules/commander": {
			"version": "2.11.0",
			"resolved": "https://registry.npm.taobao.org/commander/download/commander-2.11.0.tgz",
			"integrity": "sha1-FXFS/R56bI2YpbcVzzdt+SgARWM=",
			"dev": true,
			"license": "MIT"
		},
		"node_modules/mocha/node_modules/diff": {
			"version": "3.3.1",
			"resolved": "https://registry.npm.taobao.org/diff/download/diff-3.3.1.tgz",
			"integrity": "sha1-qoVnpu7QPFMfyJ0/cRzQ5SWd7HU=",
			"dev": true,
			"license": "BSD-3-Clause",
			"engines": {
				"node": ">=0.3.1"
			}
		},
		"node_modules/mocha/node_modules/glob": {
			"version": "7.1.2",
			"resolved": "https://registry.npm.taobao.org/glob/download/glob-7.1.2.tgz",
			"integrity": "sha1-wZyd+aAocC1nhhI4SmVSQExjbRU=",
			"dev": true,
			"license": "ISC",
			"dependencies": {
				"fs.realpath": "^1.0.0",
				"inflight": "^1.0.4",
				"inherits": "2",
				"minimatch": "^3.0.4",
				"once": "^1.3.0",
				"path-is-absolute": "^1.0.0"
			},
			"engines": {
				"node": "*"
			}
		},
		"node_modules/mocha/node_modules/has-flag": {
			"version": "2.0.0",
			"resolved": "https://registry.npm.taobao.org/has-flag/download/has-flag-2.0.0.tgz",
			"integrity": "sha1-6CB68cx7MNRGzHC3NLXovhj4jVE=",
			"dev": true,
			"license": "MIT",
			"engines": {
				"node": ">=0.10.0"
			}
		},
		"node_modules/mocha/node_modules/supports-color": {
			"version": "4.4.0",
			"resolved": "https://registry.npm.taobao.org/supports-color/download/supports-color-4.4.0.tgz",
			"integrity": "sha1-iD992rwWUUKyphQn8zUt7RldGj4=",
			"dev": true,
			"license": "MIT",
			"dependencies": {
				"has-flag": "^2.0.0"
			},
			"engines": {
				"node": ">=4"
			}
		},
		"node_modules/ms": {
			"version": "2.0.0",
			"resolved": "https://registry.npm.taobao.org/ms/download/ms-2.0.0.tgz",
			"integrity": "sha1-VgiurfwAvmwpAd9fmGF4jeDVl8g=",
			"dev": true,
			"license": "MIT"
		},
		"node_modules/oauth-sign": {
			"version": "0.9.0",
			"resolved": "https://registry.npm.taobao.org/oauth-sign/download/oauth-sign-0.9.0.tgz",
			"integrity": "sha1-R6ewFrqmi1+g7PPe4IqFxnmsZFU=",
			"dev": true,
			"license": "Apache-2.0",
			"engines": {
				"node": "*"
			}
		},
		"node_modules/once": {
			"version": "1.4.0",
			"resolved": "https://registry.npm.taobao.org/once/download/once-1.4.0.tgz",
			"integrity": "sha1-WDsap3WWHUsROsF9nFC6753Xa9E=",
			"dev": true,
			"license": "ISC",
			"dependencies": {
				"wrappy": "1"
			}
		},
		"node_modules/pako": {
			"version": "1.0.11",
			"resolved": "https://registry.npmmirror.com/pako/-/pako-1.0.11.tgz",
			"integrity": "sha512-4hLB8Py4zZce5s4yd9XzopqwVv/yGNhV1Bl8NTmCq1763HeK2+EwVTv+leGeL13Dnh2wfbqowVPXCIO0z4taYw==",
			"license": "(MIT AND Zlib)"
		},
		"node_modules/path-is-absolute": {
			"version": "1.0.1",
			"resolved": "https://registry.npm.taobao.org/path-is-absolute/download/path-is-absolute-1.0.1.tgz",
			"integrity": "sha1-F0uSaHNVNP+8es5r9TpanhtcX18=",
			"dev": true,
			"license": "MIT",
			"engines": {
				"node": ">=0.10.0"
			}
		},
		"node_modules/path-parse": {
			"version": "1.0.6",
			"resolved": "https://registry.npm.taobao.org/path-parse/download/path-parse-1.0.6.tgz",
			"integrity": "sha1-1i27VnlAXXLEc37FhgDp3c8G0kw=",
			"dev": true,
			"license": "MIT"
		},
		"node_modules/performance-now": {
			"version": "2.1.0",
			"resolved": "https://registry.npm.taobao.org/performance-now/download/performance-now-2.1.0.tgz",
			"integrity": "sha1-Ywn04OX6kT7BxpMHrjZLSzd8nns=",
			"dev": true,
			"license": "MIT"
		},
		"node_modules/process-nextick-args": {
			"version": "2.0.1",
			"resolved": "https://registry.npmmirror.com/process-nextick-args/-/process-nextick-args-2.0.1.tgz",
			"integrity": "sha512-3ouUOpQhtgrbOa17J7+uxOTpITYWaGP7/AhoR3+A+/1e9skrzelGi/dXzEYyvbxubEF6Wn2ypscTKiKJFFn1ag==",
			"license": "MIT"
		},
		"node_modules/psl": {
			"version": "1.1.32",
			"resolved": "https://registry.npm.taobao.org/psl/download/psl-1.1.32.tgz?cache=0&other_urls=https%3A%2F%2Fregistry.npm.taobao.org%2Fpsl%2Fdownload%2Fpsl-1.1.32.tgz",
			"integrity": "sha1-PxMnF88vnBaXJLK2yvNzz2lBmNs=",
			"dev": true,
			"license": "MIT"
		},
		"node_modules/punycode": {
			"version": "1.4.1",
			"resolved": "https://registry.npm.taobao.org/punycode/download/punycode-1.4.1.tgz",
			"integrity": "sha1-wNWmOycYgArY4esPpSachN1BhF4=",
			"dev": true,
			"license": "MIT"
		},
		"node_modules/qs": {
			"version": "6.5.2",
			"resolved": "https://registry.npm.taobao.org/qs/download/qs-6.5.2.tgz?cache=0&other_urls=https%3A%2F%2Fregistry.npm.taobao.org%2Fqs%2Fdownload%2Fqs-6.5.2.tgz",
			"integrity": "sha1-yzroBuh0BERYTvFUzo7pjUA/PjY=",
			"dev": true,
			"license": "BSD-3-Clause",
			"engines": {
				"node": ">=0.6"
			}
		},
		"node_modules/querystringify": {
			"version": "2.1.1",
			"resolved": "https://registry.npm.taobao.org/querystringify/download/querystringify-2.1.1.tgz",
			"integrity": "sha1-YOWl/WSn+L+k0qsu1v30yFutFU4=",
			"dev": true,
			"license": "MIT"
		},
		"node_modules/readable-stream": {
			"version": "2.3.8",
			"resolved": "https://registry.npmmirror.com/readable-stream/-/readable-stream-2.3.8.tgz",
			"integrity": "sha512-8p0AUk4XODgIewSi0l8Epjs+EVnWiK7NoDIEGU0HhE7+ZyY8D1IMY7odu5lRrFXGg71L15KG8QrPmum45RTtdA==",
			"license": "MIT",
			"dependencies": {
				"core-util-is": "~1.0.0",
				"inherits": "~2.0.3",
				"isarray": "~1.0.0",
				"process-nextick-args": "~2.0.0",
				"safe-buffer": "~5.1.1",
				"string_decoder": "~1.1.1",
				"util-deprecate": "~1.0.1"
			}
		},
		"node_modules/request": {
			"version": "2.88.0",
			"resolved": "https://registry.npm.taobao.org/request/download/request-2.88.0.tgz",
			"integrity": "sha1-nC/KT301tZLv5Xx/ClXoEFIST+8=",
			"dev": true,
			"license": "Apache-2.0",
			"dependencies": {
				"aws-sign2": "~0.7.0",
				"aws4": "^1.8.0",
				"caseless": "~0.12.0",
				"combined-stream": "~1.0.6",
				"extend": "~3.0.2",
				"forever-agent": "~0.6.1",
				"form-data": "~2.3.2",
				"har-validator": "~5.1.0",
				"http-signature": "~1.2.0",
				"is-typedarray": "~1.0.0",
				"isstream": "~0.1.2",
				"json-stringify-safe": "~5.0.1",
				"mime-types": "~2.1.19",
				"oauth-sign": "~0.9.0",
				"performance-now": "^2.1.0",
				"qs": "~6.5.2",
				"safe-buffer": "^5.1.2",
				"tough-cookie": "~2.4.3",
				"tunnel-agent": "^0.6.0",
				"uuid": "^3.3.2"
			},
			"engines": {
				"node": ">= 4"
			}
		},
		"node_modules/requires-port": {
			"version": "1.0.0",
			"resolved": "https://registry.npm.taobao.org/requires-port/download/requires-port-1.0.0.tgz",
			"integrity": "sha1-kl0mAdOaxIXgkc8NpcbmlNw9yv8=",
			"dev": true,
			"license": "MIT"
		},
		"node_modules/resolve": {
			"version": "1.11.0",
			"resolved": "https://registry.npm.taobao.org/resolve/download/resolve-1.11.0.tgz",
			"integrity": "sha1-QBSHC6KWF2uGND1Qtg87UGCc4jI=",
			"dev": true,
			"license": "MIT",
			"dependencies": {
				"path-parse": "^1.0.6"
			}
		},
		"node_modules/safe-buffer": {
			"version": "5.1.2",
			"resolved": "https://registry.npmmirror.com/safe-buffer/-/safe-buffer-5.1.2.tgz",
			"integrity": "sha512-Gd2UZBJDkXlY7GbJxfsE8/nvKkUEU1G38c1siN6QP6a9PT9MmHB8GnpscSmMJSoF8LOIrt8ud/wPtojys4G6+g==",
			"license": "MIT"
		},
		"node_modules/safer-buffer": {
			"version": "2.1.2",
			"resolved": "https://registry.npm.taobao.org/safer-buffer/download/safer-buffer-2.1.2.tgz?cache=0&other_urls=https%3A%2F%2Fregistry.npm.taobao.org%2Fsafer-buffer%2Fdownload%2Fsafer-buffer-2.1.2.tgz",
			"integrity": "sha1-RPoWGwGHuVSd2Eu5GAL5vYOFzWo=",
			"dev": true,
			"license": "MIT"
		},
		"node_modules/semver": {
			"version": "5.7.0",
			"resolved": "https://registry.npm.taobao.org/semver/download/semver-5.7.0.tgz",
			"integrity": "sha1-eQp89v6lRZuslhELKbYEEtyP+Ws=",
			"dev": true,
			"license": "ISC",
			"bin": {
				"semver": "bin/semver"
			}
		},
		"node_modules/setimmediate": {
			"version": "1.0.5",
			"resolved": "https://registry.npmmirror.com/setimmediate/-/setimmediate-1.0.5.tgz",
			"integrity": "sha512-MATJdZp8sLqDl/68LfQmbP8zKPLQNV6BIZoIgrscFDQ+RsvK/BxeDQOgyxKKoh0y/8h3BqVFnCqQ/gd+reiIXA==",
			"license": "MIT"
		},
		"node_modules/source-map": {
			"version": "0.6.1",
			"resolved": "https://registry.npm.taobao.org/source-map/download/source-map-0.6.1.tgz",
			"integrity": "sha1-dHIq8y6WFOnCh6jQu95IteLxomM=",
			"dev": true,
			"license": "BSD-3-Clause",
			"engines": {
				"node": ">=0.10.0"
			}
		},
		"node_modules/source-map-support": {
			"version": "0.5.12",
			"resolved": "https://registry.npm.taobao.org/source-map-support/download/source-map-support-0.5.12.tgz?cache=0&other_urls=https%3A%2F%2Fregistry.npm.taobao.org%2Fsource-map-support%2Fdownload%2Fsource-map-support-0.5.12.tgz",
			"integrity": "sha1-tPOxDVGFelrwE4086AA7IBYT1Zk=",
			"dev": true,
			"license": "MIT",
			"dependencies": {
				"buffer-from": "^1.0.0",
				"source-map": "^0.6.0"
			}
		},
		"node_modules/sprintf-js": {
			"version": "1.0.3",
			"resolved": "https://registry.npm.taobao.org/sprintf-js/download/sprintf-js-1.0.3.tgz?cache=0&other_urls=https%3A%2F%2Fregistry.npm.taobao.org%2Fsprintf-js%2Fdownload%2Fsprintf-js-1.0.3.tgz",
			"integrity": "sha1-BOaSb2YolTVPPdAVIDYzuFcpfiw=",
			"dev": true,
			"license": "BSD-3-Clause"
		},
		"node_modules/sshpk": {
			"version": "1.16.1",
			"resolved": "https://registry.npm.taobao.org/sshpk/download/sshpk-1.16.1.tgz",
			"integrity": "sha1-+2YcC+8ps520B2nuOfpwCT1vaHc=",
			"dev": true,
			"license": "MIT",
			"dependencies": {
				"asn1": "~0.2.3",
				"assert-plus": "^1.0.0",
				"bcrypt-pbkdf": "^1.0.0",
				"dashdash": "^1.12.0",
				"ecc-jsbn": "~0.1.1",
				"getpass": "^0.1.1",
				"jsbn": "~0.1.0",
				"safer-buffer": "^2.0.2",
				"tweetnacl": "~0.14.0"
			},
			"bin": {
				"sshpk-conv": "bin/sshpk-conv",
				"sshpk-sign": "bin/sshpk-sign",
				"sshpk-verify": "bin/sshpk-verify"
			},
			"engines": {
				"node": ">=0.10.0"
			}
		},
		"node_modules/string_decoder": {
			"version": "1.1.1",
			"resolved": "https://registry.npmmirror.com/string_decoder/-/string_decoder-1.1.1.tgz",
			"integrity": "sha512-n/ShnvDi6FHbbVfviro+WojiFzv+s8MPMHBczVePfUpDJLwoLT0ht1l4YwBCbi8pJAveEEdnkHyPyTP/mzRfwg==",
			"license": "MIT",
			"dependencies": {
				"safe-buffer": "~5.1.0"
			}
		},
		"node_modules/supports-color": {
			"version": "5.5.0",
			"resolved": "https://registry.npm.taobao.org/supports-color/download/supports-color-5.5.0.tgz",
			"integrity": "sha1-4uaaRKyHcveKHsCzW2id9lMO/I8=",
			"dev": true,
			"license": "MIT",
			"dependencies": {
				"has-flag": "^3.0.0"
			},
			"engines": {
				"node": ">=4"
			}
		},
		"node_modules/tough-cookie": {
			"version": "2.4.3",
			"resolved": "https://registry.npm.taobao.org/tough-cookie/download/tough-cookie-2.4.3.tgz",
			"integrity": "sha1-U/Nto/R3g7CSWvoG/587FlKA94E=",
			"dev": true,
			"license": "BSD-3-Clause",
			"dependencies": {
				"psl": "^1.1.24",
				"punycode": "^1.4.1"
			},
			"engines": {
				"node": ">=0.8"
			}
		},
		"node_modules/tslib": {
			"version": "1.9.3",
			"resolved": "https://registry.npm.taobao.org/tslib/download/tslib-1.9.3.tgz?cache=0&other_urls=https%3A%2F%2Fregistry.npm.taobao.org%2Ftslib%2Fdownload%2Ftslib-1.9.3.tgz",
			"integrity": "sha1-1+TdeSRdhUKMTX5IIqeZF5VMooY=",
			"dev": true,
			"license": "Apache-2.0"
		},
		"node_modules/tslint": {
			"version": "5.16.0",
			"resolved": "https://registry.npm.taobao.org/tslint/download/tslint-5.16.0.tgz",
			"integrity": "sha1-rmH5xamNKVuaT0VTsbHoMcGYTWc=",
			"dev": true,
			"license": "Apache-2.0",
			"dependencies": {
				"@babel/code-frame": "^7.0.0",
				"builtin-modules": "^1.1.1",
				"chalk": "^2.3.0",
				"commander": "^2.12.1",
				"diff": "^3.2.0",
				"glob": "^7.1.1",
				"js-yaml": "^3.13.0",
				"minimatch": "^3.0.4",
				"mkdirp": "^0.5.1",
				"resolve": "^1.3.2",
				"semver": "^5.3.0",
				"tslib": "^1.8.0",
				"tsutils": "^2.29.0"
			},
			"bin": {
				"tslint": "bin/tslint"
			},
			"engines": {
				"node": ">=4.8.0"
			},
			"peerDependencies": {
				"typescript": ">=2.1.0 || >=2.1.0-dev || >=2.2.0-dev || >=2.3.0-dev || >=2.4.0-dev || >=2.5.0-dev || >=2.6.0-dev || >=2.7.0-dev || >=2.8.0-dev || >=2.9.0-dev || >=3.0.0-dev || >= 3.1.0-dev || >= 3.2.0-dev"
			}
		},
		"node_modules/tsutils": {
			"version": "2.29.0",
			"resolved": "https://registry.npm.taobao.org/tsutils/download/tsutils-2.29.0.tgz",
			"integrity": "sha1-MrSIUBRnrL7dS4VJhnOggSrKC5k=",
			"dev": true,
			"license": "MIT",
			"dependencies": {
				"tslib": "^1.8.1"
			},
			"peerDependencies": {
				"typescript": ">=2.1.0 || >=2.1.0-dev || >=2.2.0-dev || >=2.3.0-dev || >=2.4.0-dev || >=2.5.0-dev || >=2.6.0-dev || >=2.7.0-dev || >=2.8.0-dev || >=2.9.0-dev || >= 3.0.0-dev || >= 3.1.0-dev"
			}
		},
		"node_modules/tunnel-agent": {
			"version": "0.6.0",
			"resolved": "https://registry.npm.taobao.org/tunnel-agent/download/tunnel-agent-0.6.0.tgz",
			"integrity": "sha1-J6XeoGs2sEoKmWZ3SykIaPD8QP0=",
			"dev": true,
			"license": "Apache-2.0",
			"dependencies": {
				"safe-buffer": "^5.0.1"
			},
			"engines": {
				"node": "*"
			}
		},
		"node_modules/tweetnacl": {
			"version": "0.14.5",
			"resolved": "https://registry.npm.taobao.org/tweetnacl/download/tweetnacl-0.14.5.tgz",
			"integrity": "sha1-WuaBd/GS1EViadEIr6k/+HQ/T2Q=",
			"dev": true,
			"license": "Unlicense"
		},
		"node_modules/typescript": {
			"version": "3.4.5",
			"resolved": "https://registry.npm.taobao.org/typescript/download/typescript-3.4.5.tgz",
			"integrity": "sha1-LSYY0Qu1ZlcrjXqtUYDYQlfXCpk=",
			"dev": true,
			"license": "Apache-2.0",
			"peer": true,
			"bin": {
				"tsc": "bin/tsc",
				"tsserver": "bin/tsserver"
			},
			"engines": {
				"node": ">=4.2.0"
			}
		},
		"node_modules/uri-js": {
			"version": "4.2.2",
			"resolved": "https://registry.npm.taobao.org/uri-js/download/uri-js-4.2.2.tgz",
			"integrity": "sha1-lMVA4f93KVbiKZUHwBCupsiDjrA=",
			"dev": true,
			"license": "BSD-2-Clause",
			"dependencies": {
				"punycode": "^2.1.0"
			}
		},
		"node_modules/uri-js/node_modules/punycode": {
			"version": "2.1.1",
			"resolved": "https://registry.npm.taobao.org/punycode/download/punycode-2.1.1.tgz",
			"integrity": "sha1-tYsBCsQMIsVldhbI0sLALHv0eew=",
			"dev": true,
			"license": "MIT",
			"engines": {
				"node": ">=6"
			}
		},
		"node_modules/url-parse": {
			"version": "1.4.7",
			"resolved": "https://registry.npm.taobao.org/url-parse/download/url-parse-1.4.7.tgz?cache=0&other_urls=https%3A%2F%2Fregistry.npm.taobao.org%2Furl-parse%2Fdownload%2Furl-parse-1.4.7.tgz",
			"integrity": "sha1-qKg1NejACjFuQDpdtKwbm4U64ng=",
			"dev": true,
			"license": "MIT",
			"dependencies": {
				"querystringify": "^2.1.1",
				"requires-port": "^1.0.0"
			}
		},
		"node_modules/util-deprecate": {
			"version": "1.0.2",
			"resolved": "https://registry.npmmirror.com/util-deprecate/-/util-deprecate-1.0.2.tgz",
			"integrity": "sha512-EPD5q1uXyFxJpCrLnCc1nHnq3gOa6DZBocAIiI2TaSCA7VCJ1UJDMagCzIkXNsUYfD1daK//LTEQ8xiIbrHtcw==",
			"license": "MIT"
		},
		"node_modules/uuid": {
			"version": "3.3.2",
			"resolved": "https://registry.npm.taobao.org/uuid/download/uuid-3.3.2.tgz?cache=0&other_urls=https%3A%2F%2Fregistry.npm.taobao.org%2Fuuid%2Fdownload%2Fuuid-3.3.2.tgz",
			"integrity": "sha1-G0r0lV6zB3xQHCOHL8ZROBFYcTE=",
			"dev": true,
			"license": "MIT",
			"bin": {
				"uuid": "bin/uuid"
			}
		},
		"node_modules/verror": {
			"version": "1.10.0",
			"resolved": "https://registry.npm.taobao.org/verror/download/verror-1.10.0.tgz?cache=0&other_urls=https%3A%2F%2Fregistry.npm.taobao.org%2Fverror%2Fdownload%2Fverror-1.10.0.tgz",
			"integrity": "sha1-OhBcoXBTr1XW4nDB+CiGguGNpAA=",
			"dev": true,
			"engines": [
				"node >=0.6.0"
			],
			"license": "MIT",
			"dependencies": {
				"assert-plus": "^1.0.0",
				"core-util-is": "1.0.2",
				"extsprintf": "^1.2.0"
			}
		},
		"node_modules/verror/node_modules/core-util-is": {
			"version": "1.0.2",
			"resolved": "https://registry.npm.taobao.org/core-util-is/download/core-util-is-1.0.2.tgz",
			"integrity": "sha1-tf1UIgqivFq1eqtxQMlAdUUDwac=",
			"dev": true,
			"license": "MIT"
		},
		"node_modules/vscode": {
			"version": "1.1.34",
			"resolved": "https://registry.npm.taobao.org/vscode/download/vscode-1.1.34.tgz",
			"integrity": "sha1-OrpdLzqdQ/TnmPaTMzn+X8+3gsY=",
			"dev": true,
			"license": "MIT",
			"dependencies": {
				"glob": "^7.1.2",
				"mocha": "^4.0.1",
				"request": "^2.88.0",
				"semver": "^5.4.1",
				"source-map-support": "^0.5.0",
				"url-parse": "^1.4.4",
				"vscode-test": "^0.4.1"
			},
			"bin": {
				"vscode-install": "bin/install"
			},
			"engines": {
				"node": ">=8.9.3"
			}
		},
		"node_modules/vscode-test": {
			"version": "0.4.2",
			"resolved": "https://registry.npm.taobao.org/vscode-test/download/vscode-test-0.4.2.tgz",
			"integrity": "sha1-H0qFgttCPLZEVqofV32RVqHbEpk=",
			"dev": true,
			"license": "MIT",
			"dependencies": {
				"http-proxy-agent": "^2.1.0",
				"https-proxy-agent": "^2.2.1"
			},
			"engines": {
				"node": ">=8.9.3"
			}
		},
		"node_modules/wrappy": {
			"version": "1.0.2",
			"resolved": "https://registry.npm.taobao.org/wrappy/download/wrappy-1.0.2.tgz",
			"integrity": "sha1-tSQ9jz7BqjXxNkYFvA0QNuMKtp8=",
			"dev": true,
			"license": "ISC"
		},
		"node_modules/xmldom": {
			"version": "0.6.0",
			"resolved": "https://registry.npmmirror.com/xmldom/-/xmldom-0.6.0.tgz",
			"integrity": "sha512-iAcin401y58LckRZ0TkI4k0VSM1Qg0KGSc3i8rU+xrxe19A/BN1zHyVSJY7uoutVlaTSzYyk/v5AmkewAP7jtg==",
			"license": "MIT",
			"engines": {
				"node": ">=10.0.0"
			}
		},
		"node_modules/xpath": {
			"version": "0.0.33",
			"resolved": "https://registry.npmmirror.com/xpath/-/xpath-0.0.33.tgz",
			"integrity": "sha512-NNXnzrkDrAzalLhIUc01jO2mOzXGXh1JwPgkihcLLzw98c0WgYDmmjSh1Kl3wzaxSVWMuA+fe0WTWOBDWCBmNA==",
			"license": "MIT",
			"engines": {
				"node": ">=0.6.0"
			}
		}
	}
}
